
Microsoft Visual Studio Solution File, Format Version 12.00
# Visual Studio 15
VisualStudioVersion = 15.0.28010.2026
MinimumVisualStudioVersion = 10.0.40219.1
Project("{9A19103F-16F7-4668-BE54-9A1E7A4F7556}") = "Test", "Test\Test.csproj", "{F75C23C8-34AA-4157-9C3D-56783B027FDE}"
EndProject
Project("{9A19103F-16F7-4668-BE54-9A1E7A4F7556}") = "AGE.AspNetCore.MPass.Saml", "MPassSamlNuget\AGE.AspNetCore.MPass.Saml.csproj", "{BD0BAF15-7981-471B-8CB9-3096213EB72F}"
EndProject
Global
	GlobalSection(SolutionConfigurationPlatforms) = preSolution
		Debug|Any CPU = Debug|Any CPU
		Release|Any CPU = Release|Any CPU
	EndGlobalSection
	GlobalSection(ProjectConfigurationPlatforms) = postSolution
		{F75C23C8-34AA-4157-9C3D-56783B027FDE}.Debug|Any CPU.ActiveCfg = Debug|Any CPU
		{F75C23C8-34AA-4157-9C3D-56783B027FDE}.Debug|Any CPU.Build.0 = Debug|Any CPU
		{F75C23C8-34AA-4157-9C3D-56783B027FDE}.Release|Any CPU.ActiveCfg = Release|Any CPU
		{F75C23C8-34AA-4157-9C3D-56783B027FDE}.Release|Any CPU.Build.0 = Release|Any CPU
		{BD0BAF15-7981-471B-8CB9-3096213EB72F}.Debug|Any CPU.ActiveCfg = Debug|Any CPU
		{BD0BAF15-7981-471B-8CB9-3096213EB72F}.Debug|Any CPU.Build.0 = Debug|Any CPU
		{BD0BAF15-7981-471B-8CB9-3096213EB72F}.Release|Any CPU.ActiveCfg = Release|Any CPU
		{BD0BAF15-7981-471B-8CB9-3096213EB72F}.Release|Any CPU.Build.0 = Release|Any CPU
	EndGlobalSection
	GlobalSection(SolutionProperties) = preSolution
		HideSolutionNode = FALSE
	EndGlobalSection
	GlobalSection(ExtensibilityGlobals) = postSolution
		SolutionGuid = {150F437B-6205-4CE1-8F5B-FD069FBE517C}
	EndGlobalSection
EndGlobal
